
Microsoft Visual Studio Solution File, Format Version 12.00
# Visual Studio Version 17
VisualStudioVersion = 17.14.36221.1 d17.14
MinimumVisualStudioVersion = 10.0.40219.1
Project("{FAE04EC0-301F-11D3-BF4B-00C04F79EFBC}") = "VeloxVox", "VeloxVox\VeloxVox.csproj", "{EAA279B2-184E-4B60-8BE1-6D24E06F7A34}"
EndProject
Global
	GlobalSection(SolutionConfigurationPlatforms) = preSolution
		Debug|Any CPU = Debug|Any CPU
		Release|Any CPU = Release|Any CPU
	EndGlobalSection
	GlobalSection(ProjectConfigurationPlatforms) = postSolution
		{EAA279B2-184E-4B60-8BE1-6D24E06F7A34}.Debug|Any CPU.ActiveCfg = Debug|Any CPU
		{EAA279B2-184E-4B60-8BE1-6D24E06F7A34}.Debug|Any CPU.Build.0 = Debug|Any CPU
		{EAA279B2-184E-4B60-8BE1-6D24E06F7A34}.Release|Any CPU.ActiveCfg = Release|Any CPU
		{EAA279B2-184E-4B60-8BE1-6D24E06F7A34}.Release|Any CPU.Build.0 = Release|Any CPU
	EndGlobalSection
	GlobalSection(SolutionProperties) = preSolution
		HideSolutionNode = FALSE
	EndGlobalSection
	GlobalSection(ExtensibilityGlobals) = postSolution
		SolutionGuid = {2C431005-0D9A-4190-B7C7-B70F7C013769}
	EndGlobalSection
EndGlobal
